// !$*UTF8*$!
{
	archiveVersion = 1;
	classes = {
	};
	objectVersion = 46;
	objects = {

/* Begin PBXBuildFile section */
		8BA48A561CCFA58300A25F25 /* AppDelegate.m in Sources */ = {isa = PBXBuildFile; fileRef = 8BA48A471CCFA58300A25F25 /* AppDelegate.m */; };
		8BA48A571CCFA58300A25F25 /* Assets.xcassets in Resources */ = {isa = PBXBuildFile; fileRef = 8BA48A481CCFA58300A25F25 /* Assets.xcassets */; };
		8BA48A581CCFA58300A25F25 /* LaunchScreen.storyboard in Resources */ = {isa = PBXBuildFile; fileRef = 8BA48A491CCFA58300A25F25 /* LaunchScreen.storyboard */; };
		8BA48A591CCFA58300A25F25 /* Main.storyboard in Resources */ = {isa = PBXBuildFile; fileRef = 8BA48A4B1CCFA58300A25F25 /* Main.storyboard */; };
		8BA48A5A1CCFA58300A25F25 /* BubbleSortVC.m in Sources */ = {isa = PBXBuildFile; fileRef = 8BA48A4E1CCFA58300A25F25 /* BubbleSortVC.m */; };
		8BA48A5B1CCFA58300A25F25 /* Images.xcassets in Resources */ = {isa = PBXBuildFile; fileRef = 8BA48A4F1CCFA58300A25F25 /* Images.xcassets */; };
		8BA48A5C1CCFA58300A25F25 /* Info.plist in Resources */ = {isa = PBXBuildFile; fileRef = 8BA48A501CCFA58300A25F25 /* Info.plist */; };
		8BA48A5D1CCFA58300A25F25 /* main.m in Sources */ = {isa = PBXBuildFile; fileRef = 8BA48A511CCFA58300A25F25 /* main.m */; };
		8BA48A5E1CCFA58300A25F25 /* SortingVC.m in Sources */ = {isa = PBXBuildFile; fileRef = 8BA48A531CCFA58300A25F25 /* SortingVC.m */; };
		8BA48A5F1CCFA58300A25F25 /* ViewController.m in Sources */ = {isa = PBXBuildFile; fileRef = 8BA48A551CCFA58300A25F25 /* ViewController.m */; };
/* End PBXBuildFile section */

/* Begin PBXFileReference section */
		8BA48A461CCFA58300A25F25 /* AppDelegate.h */ = {isa = PBXFileReference; fileEncoding = 4; lastKnownFileType = sourcecode.c.h; path = AppDelegate.h; sourceTree = "<group>"; };
		8BA48A471CCFA58300A25F25 /* AppDelegate.m */ = {isa = PBXFileReference; fileEncoding = 4; lastKnownFileType = sourcecode.c.objc; path = AppDelegate.m; sourceTree = "<group>"; };
		8BA48A481CCFA58300A25F25 /* Assets.xcassets */ = {isa = PBXFileReference; lastKnownFileType = folder.assetcatalog; path = Assets.xcassets; sourceTree = "<group>"; };
		8BA48A4A1CCFA58300A25F25 /* Base */ = {isa = PBXFileReference; lastKnownFileType = file.storyboard; name = Base; path = Base.lproj/LaunchScreen.storyboard; sourceTree = "<group>"; };
		8BA48A4C1CCFA58300A25F25 /* Base */ = {isa = PBXFileReference; lastKnownFileType = file.storyboard; name = Base; path = Base.lproj/Main.storyboard; sourceTree = "<group>"; };
		8BA48A4D1CCFA58300A25F25 /* BubbleSortVC.h */ = {isa = PBXFileReference; fileEncoding = 4; lastKnownFileType = sourcecode.c.h; path = BubbleSortVC.h; sourceTree = "<group>"; };
		8BA48A4E1CCFA58300A25F25 /* BubbleSortVC.m */ = {isa = PBXFileReference; fileEncoding = 4; lastKnownFileType = sourcecode.c.objc; path = BubbleSortVC.m; sourceTree = "<group>"; };
		8BA48A4F1CCFA58300A25F25 /* Images.xcassets */ = {isa = PBXFileReference; lastKnownFileType = folder.assetcatalog; path = Images.xcassets; sourceTree = "<group>"; };
		8BA48A501CCFA58300A25F25 /* Info.plist */ = {isa = PBXFileReference; fileEncoding = 4; lastKnownFileType = text.plist.xml; path = Info.plist; sourceTree = "<group>"; };
		8BA48A511CCFA58300A25F25 /* main.m */ = {isa = PBXFileReference; fileEncoding = 4; lastKnownFileType = sourcecode.c.objc; path = main.m; sourceTree = "<group>"; };
		8BA48A521CCFA58300A25F25 /* SortingVC.h */ = {isa = PBXFileReference; fileEncoding = 4; lastKnownFileType = sourcecode.c.h; path = SortingVC.h; sourceTree = "<group>"; };
		8BA48A531CCFA58300A25F25 /* SortingVC.m */ = {isa = PBXFileReference; fileEncoding = 4; lastKnownFileType = sourcecode.c.objc; path = SortingVC.m; sourceTree = "<group>"; };
		8BA48A541CCFA58300A25F25 /* ViewController.h */ = {isa = PBXFileReference; fileEncoding = 4; lastKnownFileType = sourcecode.c.h; path = ViewController.h; sourceTree = "<group>"; };
		8BA48A551CCFA58300A25F25 /* ViewController.m */ = {isa = PBXFileReference; fileEncoding = 4; lastKnownFileType = sourcecode.c.objc; path = ViewController.m; sourceTree = "<group>"; };
		8BE5BC231CCDFA38000EC440 /* SortingApp.app */ = {isa = PBXFileReference; explicitFileType = wrapper.application; includeInIndex = 0; path = SortingApp.app; sourceTree = BUILT_PRODUCTS_DIR; };
/* End PBXFileReference section */

/* Begin PBXFrameworksBuildPhase section */
		8BE5BC201CCDFA38000EC440 /* Frameworks */ = {
			isa = PBXFrameworksBuildPhase;
			buildActionMask = 2147483647;
			files = (
			);
			runOnlyForDeploymentPostprocessing = 0;
		};
/* End PBXFrameworksBuildPhase section */

/* Begin PBXGroup section */
		8BA48A451CCFA58300A25F25 /* SortingApp */ = {
			isa = PBXGroup;
			children = (
				8BA48A461CCFA58300A25F25 /* AppDelegate.h */,
				8BA48A471CCFA58300A25F25 /* AppDelegate.m */,
				8BA48A541CCFA58300A25F25 /* ViewController.h */,
				8BA48A551CCFA58300A25F25 /* ViewController.m */,
				8BA48A521CCFA58300A25F25 /* SortingVC.h */,
				8BA48A531CCFA58300A25F25 /* SortingVC.m */,
				8BA48A4D1CCFA58300A25F25 /* BubbleSortVC.h */,
				8BA48A4E1CCFA58300A25F25 /* BubbleSortVC.m */,
				8BA48A511CCFA58300A25F25 /* main.m */,
				8BA48A4B1CCFA58300A25F25 /* Main.storyboard */,
				8BA48A491CCFA58300A25F25 /* LaunchScreen.storyboard */,
				8BA48A481CCFA58300A25F25 /* Assets.xcassets */,
				8BA48A4F1CCFA58300A25F25 /* Images.xcassets */,
				8BA48A501CCFA58300A25F25 /* Info.plist */,
			);
			path = SortingApp;
			sourceTree = "<group>";
		};
		8BE5BC1A1CCDFA38000EC440 = {
			isa = PBXGroup;
			children = (
				8BA48A451CCFA58300A25F25 /* SortingApp */,
				8BE5BC241CCDFA38000EC440 /* Products */,
			);
			sourceTree = "<group>";
		};
		8BE5BC241CCDFA38000EC440 /* Products */ = {
			isa = PBXGroup;
			children = (
				8BE5BC231CCDFA38000EC440 /* SortingApp.app */,
			);
			name = Products;
			sourceTree = "<group>";
		};
/* End PBXGroup section */

/* Begin PBXNativeTarget section */
		8BE5BC221CCDFA38000EC440 /* SortingApp */ = {
			isa = PBXNativeTarget;
			buildConfigurationList = 8BE5BC3A1CCDFA38000EC440 /* Build configuration list for PBXNativeTarget "SortingApp" */;
			buildPhases = (
				8BE5BC1F1CCDFA38000EC440 /* Sources */,
				8BE5BC201CCDFA38000EC440 /* Frameworks */,
				8BE5BC211CCDFA38000EC440 /* Resources */,
			);
			buildRules = (
			);
			dependencies = (
			);
			name = SortingApp;
			productName = SortingApp;
			productReference = 8BE5BC231CCDFA38000EC440 /* SortingApp.app */;
			productType = "com.apple.product-type.application";
		};
/* End PBXNativeTarget section */

/* Begin PBXProject section */
		8BE5BC1B1CCDFA38000EC440 /* Project object */ = {
			isa = PBXProject;
			attributes = {
				LastUpgradeCheck = 0720;
				ORGANIZATIONNAME = Mukesh;
				TargetAttributes = {
					8BE5BC221CCDFA38000EC440 = {
						CreatedOnToolsVersion = 7.2;
					};
				};
			};
			buildConfigurationList = 8BE5BC1E1CCDFA38000EC440 /* Build configuration list for PBXProject "SortingApp" */;
			compatibilityVersion = "Xcode 3.2";
			developmentRegion = English;
			hasScannedForEncodings = 0;
			knownRegions = (
				en,
				Base,
			);
			mainGroup = 8BE5BC1A1CCDFA38000EC440;
			productRefGroup = 8BE5BC241CCDFA38000EC440 /* Products */;
			projectDirPath = "";
			projectRoot = "";
			targets = (
				8BE5BC221CCDFA38000EC440 /* SortingApp */,
			);
		};
/* End PBXProject section */

/* Begin PBXResourcesBuildPhase section */
		8BE5BC211CCDFA38000EC440 /* Resources */ = {
			isa = PBXResourcesBuildPhase;
			buildActionMask = 2147483647;
			files = (
				8BA48A5B1CCFA58300A25F25 /* Images.xcassets in Resources */,
				8BA48A591CCFA58300A25F25 /* Main.storyboard in Resources */,
				8BA48A5C1CCFA58300A25F25 /* Info.plist in Resources */,
				8BA48A571CCFA58300A25F25 /* Assets.xcassets in Resources */,
				8BA48A581CCFA58300A25F25 /* LaunchScreen.storyboard in Resources */,
			);
			runOnlyForDeploymentPostprocessing = 0;
		};
/* End PBXResourcesBuildPhase section */

/* Begin PBXSourcesBuildPhase section */
		8BE5BC1F1CCDFA38000EC440 /* Sources */ = {
			isa = PBXSourcesBuildPhase;
			buildActionMask = 2147483647;
			files = (
				8BA48A5D1CCFA58300A25F25 /* main.m in Sources */,
				8BA48A561CCFA58300A25F25 /* AppDelegate.m in Sources */,
				8BA48A5E1CCFA58300A25F25 /* SortingVC.m in Sources */,
				8BA48A5F1CCFA58300A25F25 /* ViewController.m in Sources */,
				8BA48A5A1CCFA58300A25F25 /* BubbleSortVC.m in Sources */,
			);
			runOnlyForDeploymentPostprocessing = 0;
		};
/* End PBXSourcesBuildPhase section */

/* Begin PBXVariantGroup section */
		8BA48A491CCFA58300A25F25 /* LaunchScreen.storyboard */ = {
			isa = PBXVariantGroup;
			children = (
				8BA48A4A1CCFA58300A25F25 /* Base */,
			);
			name = LaunchScreen.storyboard;
			sourceTree = "<group>";
		};
		8BA48A4B1CCFA58300A25F25 /* Main.storyboard */ = {
			isa = PBXVariantGroup;
			children = (
				8BA48A4C1CCFA58300A25F25 /* Base */,
			);
			name = Main.storyboard;
			sourceTree = "<group>";
		};
/* End PBXVariantGroup section */

/* Begin XCBuildConfiguration section */
		8BE5BC381CCDFA38000EC440 /* Debug */ = {
			isa = XCBuildConfiguration;
			buildSettings = {
				ALWAYS_SEARCH_USER_PATHS = NO;
				CLANG_CXX_LANGUAGE_STANDARD = "gnu++0x";
				CLANG_CXX_LIBRARY = "libc++";
				CLANG_ENABLE_MODULES = YES;
				CLANG_ENABLE_OBJC_ARC = YES;
				CLANG_WARN_BOOL_CONVERSION = YES;
				CLANG_WARN_CONSTANT_CONVERSION = YES;
				CLANG_WARN_DIRECT_OBJC_ISA_USAGE = YES_ERROR;
				CLANG_WARN_EMPTY_BODY = YES;
				CLANG_WARN_ENUM_CONVERSION = YES;
				CLANG_WARN_INT_CONVERSION = YES;
				CLANG_WARN_OBJC_ROOT_CLASS = YES_ERROR;
				CLANG_WARN_UNREACHABLE_CODE = YES;
				CLANG_WARN__DUPLICATE_METHOD_MATCH = YES;
				"CODE_SIGN_IDENTITY[sdk=iphoneos*]" = "iPhone Developer";
				COPY_PHASE_STRIP = NO;
				DEBUG_INFORMATION_FORMAT = dwarf;
				ENABLE_STRICT_OBJC_MSGSEND = YES;
				ENABLE_TESTABILITY = YES;
				GCC_C_LANGUAGE_STANDARD = gnu99;
				GCC_DYNAMIC_NO_PIC = NO;
				GCC_NO_COMMON_BLOCKS = YES;
				GCC_OPTIMIZATION_LEVEL = 0;
				GCC_PREPROCESSOR_DEFINITIONS = (
					"DEBUG=1",
					"$(inherited)",
				);
				GCC_WARN_64_TO_32_BIT_CONVERSION = YES;
				GCC_WARN_ABOUT_RETURN_TYPE = YES_ERROR;
				GCC_WARN_UNDECLARED_SELECTOR = YES;
				GCC_WARN_UNINITIALIZED_AUTOS = YES_AGGRESSIVE;
				GCC_WARN_UNUSED_FUNCTION = YES;
				GCC_WARN_UNUSED_VARIABLE = YES;
				IPHONEOS_DEPLOYMENT_TARGET = 9.2;
				MTL_ENABLE_DEBUG_INFO = YES;
				ONLY_ACTIVE_ARCH = YES;
				SDKROOT = iphoneos;
			};
			name = Debug;
		};
		8BE5BC391CCDFA38000EC440 /* Release */ = {
			isa = XCBuildConfiguration;
			buildSettings = {
				ALWAYS_SEARCH_USER_PATHS = NO;
				CLANG_CXX_LANGUAGE_STANDARD = "gnu++0x";
				CLANG_CXX_LIBRARY = "libc++";
				CLANG_ENABLE_MODULES = YES;
				CLANG_ENABLE_OBJC_ARC = YES;
				CLANG_WARN_BOOL_CONVERSION = YES;
				CLANG_WARN_CONSTANT_CONVERSION = YES;
				CLANG_WARN_DIRECT_OBJC_ISA_USAGE = YES_ERROR;
				CLANG_WARN_EMPTY_BODY = YES;
				CLANG_WARN_ENUM_CONVERSION = YES;
				CLANG_WARN_INT_CONVERSION = YES;
				CLANG_WARN_OBJC_ROOT_CLASS = YES_ERROR;
				CLANG_WARN_UNREACHABLE_CODE = YES;
				CLANG_WARN__DUPLICATE_METHOD_MATCH = YES;
				"CODE_SIGN_IDENTITY[sdk=iphoneos*]" = "iPhone Developer";
				COPY_PHASE_STRIP = NO;
				DEBUG_INFORMATION_FORMAT = "dwarf-with-dsym";
				ENABLE_NS_ASSERTIONS = NO;
				ENABLE_STRICT_OBJC_MSGSEND = YES;
				GCC_C_LANGUAGE_STANDARD = gnu99;
				GCC_NO_COMMON_BLOCKS = YES;
				GCC_WARN_64_TO_32_BIT_CONVERSION = YES;
				GCC_WARN_ABOUT_RETURN_TYPE = YES_ERROR;
				GCC_WARN_UNDECLARED_SELECTOR = YES;
				GCC_WARN_UNINITIALIZED_AUTOS = YES_AGGRESSIVE;
				GCC_WARN_UNUSED_FUNCTION = YES;
				GCC_WARN_UNUSED_VARIABLE = YES;
				IPHONEOS_DEPLOYMENT_TARGET = 9.2;
				MTL_ENABLE_DEBUG_INFO = NO;
				SDKROOT = iphoneos;
				VALIDATE_PRODUCT = YES;
			};
			name = Release;
		};
		8BE5BC3B1CCDFA38000EC440 /* Debug */ = {
			isa = XCBuildConfiguration;
			buildSettings = {
				ASSETCATALOG_COMPILER_APPICON_NAME = AppIcon;
				CODE_SIGN_IDENTITY = "iPhone Developer: Deepak Demiwal (87KD2LW5LH)";
				INFOPLIST_FILE = SortingApp/Info.plist;
				LD_RUNPATH_SEARCH_PATHS = "$(inherited) @executable_path/Frameworks";
				PRODUCT_BUNDLE_IDENTIFIER = com.demansoltech.SortingApp;
				PRODUCT_NAME = "$(TARGET_NAME)";
				PROVISIONING_PROFILE = "5d10fea4-d669-443a-a22b-e9fa39a51778";
			};
			name = Debug;
		};
		8BE5BC3C1CCDFA38000EC440 /* Release */ = {
			isa = XCBuildConfiguration;
			buildSettings = {
				ASSETCATALOG_COMPILER_APPICON_NAME = AppIcon;
				CODE_SIGN_IDENTITY = "iPhone Developer: Deepak Demiwal (87KD2LW5LH)";
				INFOPLIST_FILE = SortingApp/Info.plist;
				LD_RUNPATH_SEARCH_PATHS = "$(inherited) @executable_path/Frameworks";
				PRODUCT_BUNDLE_IDENTIFIER = com.demansoltech.SortingApp;
				PRODUCT_NAME = "$(TARGET_NAME)";
				PROVISIONING_PROFILE = "5d10fea4-d669-443a-a22b-e9fa39a51778";
			};
			name = Release;
		};
/* End XCBuildConfiguration section */

/* Begin XCConfigurationList section */
		8BE5BC1E1CCDFA38000EC440 /* Build configuration list for PBXProject "SortingApp" */ = {
			isa = XCConfigurationList;
			buildConfigurations = (
				8BE5BC381CCDFA38000EC440 /* Debug */,
				8BE5BC391CCDFA38000EC440 /* Release */,
			);
			defaultConfigurationIsVisible = 0;
			defaultConfigurationName = Release;
		};
		8BE5BC3A1CCDFA38000EC440 /* Build configuration list for PBXNativeTarget "SortingApp" */ = {
			isa = XCConfigurationList;
			buildConfigurations = (
				8BE5BC3B1CCDFA38000EC440 /* Debug */,
				8BE5BC3C1CCDFA38000EC440 /* Release */,
			);
			defaultConfigurationIsVisible = 0;
			defaultConfigurationName = Release;
		};
/* End XCConfigurationList section */
	};
	rootObject = 8BE5BC1B1CCDFA38000EC440 /* Project object */;
}
